
Microsoft Visual Studio Solution File, Format Version 12.00
# Visual Studio Version 16
VisualStudioVersion = 16.0.31019.35
MinimumVisualStudioVersion = 10.0.40219.1
Project("{FAE04EC0-301F-11D3-BF4B-00C04F79EFBC}") = "IC_03", "IC_03.csproj", "{CCAF94B3-B6CD-4ED2-B3EC-0B8D83B2D5DD}"
EndProject
Global
	GlobalSection(SolutionConfigurationPlatforms) = preSolution
		Debug|Any CPU = Debug|Any CPU
		Release|Any CPU = Release|Any CPU
	EndGlobalSection
	GlobalSection(ProjectConfigurationPlatforms) = postSolution
		{CCAF94B3-B6CD-4ED2-B3EC-0B8D83B2D5DD}.Debug|Any CPU.ActiveCfg = Debug|Any CPU
		{CCAF94B3-B6CD-4ED2-B3EC-0B8D83B2D5DD}.Debug|Any CPU.Build.0 = Debug|Any CPU
		{CCAF94B3-B6CD-4ED2-B3EC-0B8D83B2D5DD}.Release|Any CPU.ActiveCfg = Release|Any CPU
		{CCAF94B3-B6CD-4ED2-B3EC-0B8D83B2D5DD}.Release|Any CPU.Build.0 = Release|Any CPU
	EndGlobalSection
	GlobalSection(SolutionProperties) = preSolution
		HideSolutionNode = FALSE
	EndGlobalSection
	GlobalSection(ExtensibilityGlobals) = postSolution
		SolutionGuid = {A549F581-E41C-43C5-9D6C-8638130299E0}
	EndGlobalSection
EndGlobal
