
Microsoft Visual Studio Solution File, Format Version 12.00
# Visual Studio Version 16
VisualStudioVersion = 16.0.31019.35
MinimumVisualStudioVersion = 10.0.40219.1
Project("{FAE04EC0-301F-11D3-BF4B-00C04F79EFBC}") = "WinForms", "WinForms.csproj", "{71DF7826-41D2-4F3C-8D15-A322CF35C464}"
EndProject
Global
	GlobalSection(SolutionConfigurationPlatforms) = preSolution
		Debug|Any CPU = Debug|Any CPU
		Release|Any CPU = Release|Any CPU
	EndGlobalSection
	GlobalSection(ProjectConfigurationPlatforms) = postSolution
		{71DF7826-41D2-4F3C-8D15-A322CF35C464}.Debug|Any CPU.ActiveCfg = Debug|Any CPU
		{71DF7826-41D2-4F3C-8D15-A322CF35C464}.Debug|Any CPU.Build.0 = Debug|Any CPU
		{71DF7826-41D2-4F3C-8D15-A322CF35C464}.Release|Any CPU.ActiveCfg = Release|Any CPU
		{71DF7826-41D2-4F3C-8D15-A322CF35C464}.Release|Any CPU.Build.0 = Release|Any CPU
	EndGlobalSection
	GlobalSection(SolutionProperties) = preSolution
		HideSolutionNode = FALSE
	EndGlobalSection
	GlobalSection(ExtensibilityGlobals) = postSolution
		SolutionGuid = {EF12FEFE-8A64-4511-AA50-AB965C719583}
	EndGlobalSection
EndGlobal
